
Microsoft Visual Studio Solution File, Format Version 12.00
# Visual Studio 15
VisualStudioVersion = 15.0.27428.2015
MinimumVisualStudioVersion = 10.0.40219.1
Project("{2150E333-8FDC-42A3-9474-1A3956D46DE8}") = "Aula 01- 02 de Maio", "Aula 01- 02 de Maio", "{8DA11EF2-3812-4A5C-B721-D2D6BCB4AADD}"
EndProject
Project("{2150E333-8FDC-42A3-9474-1A3956D46DE8}") = "Aula 02 - 07 de Maio", "Aula 02 - 07 de Maio", "{0CB67E3C-0789-48AD-9EE1-ADE80395074D}"
EndProject
Project("{FAE04EC0-301F-11D3-BF4B-00C04F79EFBC}") = "Exercicio 01", "aula1\Exercicio 01\Exercicio 01.csproj", "{AE6885F8-FAD4-4F18-8556-F40616E973EF}"
EndProject
Project("{FAE04EC0-301F-11D3-BF4B-00C04F79EFBC}") = "Exercicio 01", "aula2\Exercicio 01\Exercicio 01.csproj", "{5F3CFC37-FDA4-4FFE-AA08-BDE7198C5154}"
EndProject
Project("{2150E333-8FDC-42A3-9474-1A3956D46DE8}") = "Respostas", "Respostas", "{77DA5BE4-49CF-4409-9DE1-06F730FABA8A}"
EndProject
Project("{2150E333-8FDC-42A3-9474-1A3956D46DE8}") = "Aula 01 e Aula 02", "Aula 01 e Aula 02", "{D7C18A93-048B-4866-969B-46E75BCB6E42}"
EndProject
Project("{2150E333-8FDC-42A3-9474-1A3956D46DE8}") = "Aula 03", "Aula 03", "{B4011BBB-BAE0-468F-86C7-5420C8DF811B}"
EndProject
Project("{FAE04EC0-301F-11D3-BF4B-00C04F79EFBC}") = "Exercicio02", "Respostas\Aula01Aula02\Exercicio02\Exercicio02.csproj", "{A26F1AAA-2E9B-4DFB-9F8B-FDC0C17319B5}"
EndProject
Project("{FAE04EC0-301F-11D3-BF4B-00C04F79EFBC}") = "Exercicio03", "Respostas\Aula01Aula02\Exercicio03\Exercicio03.csproj", "{372CDE26-1867-4743-A3D7-E19B7B499916}"
EndProject
Project("{FAE04EC0-301F-11D3-BF4B-00C04F79EFBC}") = "Exercicio04", "Respostas\Aula01Aula02\Exercicio04\Exercicio04.csproj", "{89946E04-DB41-4111-8312-5C5E52366EE6}"
EndProject
Project("{FAE04EC0-301F-11D3-BF4B-00C04F79EFBC}") = "Exercicio05", "Respostas\Aula01Aula02\Exercicio05\Exercicio05.csproj", "{3E69DADA-AF51-4022-80A1-C14B84B14D57}"
EndProject
Project("{FAE04EC0-301F-11D3-BF4B-00C04F79EFBC}") = "Exercicio06", "Respostas\Aula01Aula02\Exercicio06\Exercicio06.csproj", "{3C512935-8275-4096-A3A2-CB93B83C2D46}"
EndProject
Project("{FAE04EC0-301F-11D3-BF4B-00C04F79EFBC}") = "Exercicio07", "Respostas\Aula01Aula02\Exercicio07\Exercicio07.csproj", "{1F43253D-C79A-4C02-878D-94AE7DC7B2F8}"
EndProject
Global
	GlobalSection(SolutionConfigurationPlatforms) = preSolution
		Debug|Any CPU = Debug|Any CPU
		Release|Any CPU = Release|Any CPU
	EndGlobalSection
	GlobalSection(ProjectConfigurationPlatforms) = postSolution
		{AE6885F8-FAD4-4F18-8556-F40616E973EF}.Debug|Any CPU.ActiveCfg = Debug|Any CPU
		{AE6885F8-FAD4-4F18-8556-F40616E973EF}.Debug|Any CPU.Build.0 = Debug|Any CPU
		{AE6885F8-FAD4-4F18-8556-F40616E973EF}.Release|Any CPU.ActiveCfg = Release|Any CPU
		{AE6885F8-FAD4-4F18-8556-F40616E973EF}.Release|Any CPU.Build.0 = Release|Any CPU
		{5F3CFC37-FDA4-4FFE-AA08-BDE7198C5154}.Debug|Any CPU.ActiveCfg = Debug|Any CPU
		{5F3CFC37-FDA4-4FFE-AA08-BDE7198C5154}.Debug|Any CPU.Build.0 = Debug|Any CPU
		{5F3CFC37-FDA4-4FFE-AA08-BDE7198C5154}.Release|Any CPU.ActiveCfg = Release|Any CPU
		{5F3CFC37-FDA4-4FFE-AA08-BDE7198C5154}.Release|Any CPU.Build.0 = Release|Any CPU
		{A26F1AAA-2E9B-4DFB-9F8B-FDC0C17319B5}.Debug|Any CPU.ActiveCfg = Debug|Any CPU
		{A26F1AAA-2E9B-4DFB-9F8B-FDC0C17319B5}.Debug|Any CPU.Build.0 = Debug|Any CPU
		{A26F1AAA-2E9B-4DFB-9F8B-FDC0C17319B5}.Release|Any CPU.ActiveCfg = Release|Any CPU
		{A26F1AAA-2E9B-4DFB-9F8B-FDC0C17319B5}.Release|Any CPU.Build.0 = Release|Any CPU
		{372CDE26-1867-4743-A3D7-E19B7B499916}.Debug|Any CPU.ActiveCfg = Debug|Any CPU
		{372CDE26-1867-4743-A3D7-E19B7B499916}.Debug|Any CPU.Build.0 = Debug|Any CPU
		{372CDE26-1867-4743-A3D7-E19B7B499916}.Release|Any CPU.ActiveCfg = Release|Any CPU
		{372CDE26-1867-4743-A3D7-E19B7B499916}.Release|Any CPU.Build.0 = Release|Any CPU
		{89946E04-DB41-4111-8312-5C5E52366EE6}.Debug|Any CPU.ActiveCfg = Debug|Any CPU
		{89946E04-DB41-4111-8312-5C5E52366EE6}.Debug|Any CPU.Build.0 = Debug|Any CPU
		{89946E04-DB41-4111-8312-5C5E52366EE6}.Release|Any CPU.ActiveCfg = Release|Any CPU
		{89946E04-DB41-4111-8312-5C5E52366EE6}.Release|Any CPU.Build.0 = Release|Any CPU
		{3E69DADA-AF51-4022-80A1-C14B84B14D57}.Debug|Any CPU.ActiveCfg = Debug|Any CPU
		{3E69DADA-AF51-4022-80A1-C14B84B14D57}.Debug|Any CPU.Build.0 = Debug|Any CPU
		{3E69DADA-AF51-4022-80A1-C14B84B14D57}.Release|Any CPU.ActiveCfg = Release|Any CPU
		{3E69DADA-AF51-4022-80A1-C14B84B14D57}.Release|Any CPU.Build.0 = Release|Any CPU
		{3C512935-8275-4096-A3A2-CB93B83C2D46}.Debug|Any CPU.ActiveCfg = Debug|Any CPU
		{3C512935-8275-4096-A3A2-CB93B83C2D46}.Debug|Any CPU.Build.0 = Debug|Any CPU
		{3C512935-8275-4096-A3A2-CB93B83C2D46}.Release|Any CPU.ActiveCfg = Release|Any CPU
		{3C512935-8275-4096-A3A2-CB93B83C2D46}.Release|Any CPU.Build.0 = Release|Any CPU
		{1F43253D-C79A-4C02-878D-94AE7DC7B2F8}.Debug|Any CPU.ActiveCfg = Debug|Any CPU
		{1F43253D-C79A-4C02-878D-94AE7DC7B2F8}.Debug|Any CPU.Build.0 = Debug|Any CPU
		{1F43253D-C79A-4C02-878D-94AE7DC7B2F8}.Release|Any CPU.ActiveCfg = Release|Any CPU
		{1F43253D-C79A-4C02-878D-94AE7DC7B2F8}.Release|Any CPU.Build.0 = Release|Any CPU
	EndGlobalSection
	GlobalSection(SolutionProperties) = preSolution
		HideSolutionNode = FALSE
	EndGlobalSection
	GlobalSection(NestedProjects) = preSolution
		{AE6885F8-FAD4-4F18-8556-F40616E973EF} = {8DA11EF2-3812-4A5C-B721-D2D6BCB4AADD}
		{5F3CFC37-FDA4-4FFE-AA08-BDE7198C5154} = {0CB67E3C-0789-48AD-9EE1-ADE80395074D}
		{D7C18A93-048B-4866-969B-46E75BCB6E42} = {77DA5BE4-49CF-4409-9DE1-06F730FABA8A}
		{B4011BBB-BAE0-468F-86C7-5420C8DF811B} = {77DA5BE4-49CF-4409-9DE1-06F730FABA8A}
		{A26F1AAA-2E9B-4DFB-9F8B-FDC0C17319B5} = {D7C18A93-048B-4866-969B-46E75BCB6E42}
		{372CDE26-1867-4743-A3D7-E19B7B499916} = {D7C18A93-048B-4866-969B-46E75BCB6E42}
		{89946E04-DB41-4111-8312-5C5E52366EE6} = {D7C18A93-048B-4866-969B-46E75BCB6E42}
		{3E69DADA-AF51-4022-80A1-C14B84B14D57} = {D7C18A93-048B-4866-969B-46E75BCB6E42}
		{3C512935-8275-4096-A3A2-CB93B83C2D46} = {D7C18A93-048B-4866-969B-46E75BCB6E42}
		{1F43253D-C79A-4C02-878D-94AE7DC7B2F8} = {D7C18A93-048B-4866-969B-46E75BCB6E42}
	EndGlobalSection
	GlobalSection(ExtensibilityGlobals) = postSolution
		SolutionGuid = {DDA6FE2D-DD44-4319-A69E-AA6BCCE5050F}
	EndGlobalSection
EndGlobal
